<?xml version="1.0" encoding="utf-8"?>
<Project ToolsVersion="4.0" xmlns="http://schemas.microsoft.com/developer/msbuild/2003">
  <ItemGroup>
    <Filter Include="Source Files">
      <UniqueIdentifier>{4FC737F1-C7A5-4376-A066-2A32D752A2FF}</UniqueIdentifier>
      <Extensions>cpp;c;cc;cxx;def;odl;idl;hpj;bat;asm;asmx</Extensions>
    </Filter>
    <Filter Include="Header Files">
      <UniqueIdentifier>{93995380-89BD-4b04-88EB-625FBE52EBFB}</UniqueIdentifier>
      <Extensions>h;hh;hpp;hxx;hm;inl;inc;xsd</Extensions>
    </Filter>
    <Filter Include="Resource Files">
      <UniqueIdentifier>{67DA6AB6-F800-4c08-8B7A-83BB121AAD01}</UniqueIdentifier>
      <Extensions>rc;ico;cur;bmp;dlg;rc2;rct;bin;rgs;gif;jpg;jpeg;jpe;resx;tiff;tif;png;wav;mfcribbon-ms</Extensions>
    </Filter>
  </ItemGroup>
  <ItemGroup>
    <Text Include="ReadMe.txt" />
  </ItemGroup>
  <ItemGroup>
    <ClInclude Include="stdafx.h">
      <Filter>Header Files</Filter>
    </ClInclude>
    <ClInclude Include="targetver.h">
      <Filter>Header Files</Filter>
    </ClInclude>
    <ClInclude Include="HistConfiguration.h">
      <Filter>Header Files</Filter>
    </ClInclude>
    <ClInclude Include="Scheduler.h">
      <Filter>Header Files</Filter>
    </ClInclude>
    <ClInclude Include="LogFactory.h">
      <Filter>Header Files</Filter>
    </ClInclude>
    <ClInclude Include="HistAvatar.h">
      <Filter>Header Files</Filter>
    </ClInclude>
    <ClInclude Include="TradingConnection.h">
      <Filter>Header Files</Filter>
    </ClInclude>
    <ClInclude Include="MarketDataConnection.h">
      <Filter>Header Files</Filter>
    </ClInclude>
    <ClInclude Include="SymbolQuoting.h">
      <Filter>Header Files</Filter>
    </ClInclude>
    <ClInclude Include="HistQuoteRepositry.h">
      <Filter>Header Files</Filter>
    </ClInclude>
    <ClInclude Include="HistTechDataRepo.h">
      <Filter>Header Files</Filter>
    </ClInclude>
    <ClInclude Include="HistTimeUtil.h">
      <Filter>Header Files</Filter>
    </ClInclude>
    <ClInclude Include="FileSystemUtil.h">
      <Filter>Header Files</Filter>
    </ClInclude>
    <ClInclude Include="HistQuoteFetcher.h">
      <Filter>Header Files</Filter>
    </ClInclude>
    <ClInclude Include="HistQuoteStore.h">
      <Filter>Header Files</Filter>
    </ClInclude>
    <ClInclude Include="Quote.h">
      <Filter>Header Files</Filter>
    </ClInclude>
    <ClInclude Include="HistDataPersistence.h">
      <Filter>Header Files</Filter>
    </ClInclude>
    <ClInclude Include="HistPriceBarGen.h">
      <Filter>Header Files</Filter>
    </ClInclude>
    <ClInclude Include="HistTradingTimeSpan.h">
      <Filter>Header Files</Filter>
    </ClInclude>
  </ItemGroup>
  <ItemGroup>
    <ClCompile Include="stdafx.cpp">
      <Filter>Source Files</Filter>
    </ClCompile>
    <ClCompile Include="HistoryDataServer.cpp">
      <Filter>Source Files</Filter>
    </ClCompile>
    <ClCompile Include="HistConfiguration.cpp">
      <Filter>Source Files</Filter>
    </ClCompile>
    <ClCompile Include="Scheduler.cpp">
      <Filter>Source Files</Filter>
    </ClCompile>
    <ClCompile Include="LogFactory.cpp">
      <Filter>Source Files</Filter>
    </ClCompile>
    <ClCompile Include="HistAvatar.cpp">
      <Filter>Source Files</Filter>
    </ClCompile>
    <ClCompile Include="TradingConnection.cpp">
      <Filter>Source Files</Filter>
    </ClCompile>
    <ClCompile Include="MarketDataConnection.cpp">
      <Filter>Source Files</Filter>
    </ClCompile>
    <ClCompile Include="SymbolQuoting.cpp">
      <Filter>Source Files</Filter>
    </ClCompile>
    <ClCompile Include="HistQuoteRepositry.cpp">
      <Filter>Source Files</Filter>
    </ClCompile>
    <ClCompile Include="HistTechDataRepo.cpp">
      <Filter>Source Files</Filter>
    </ClCompile>
    <ClCompile Include="HistTimeUtil.cpp">
      <Filter>Source Files</Filter>
    </ClCompile>
    <ClCompile Include="FileSystemUtil.cpp">
      <Filter>Source Files</Filter>
    </ClCompile>
    <ClCompile Include="HistQuoteFetcher.cpp">
      <Filter>Source Files</Filter>
    </ClCompile>
    <ClCompile Include="HistQuoteStore.cpp">
      <Filter>Source Files</Filter>
    </ClCompile>
    <ClCompile Include="Quote.cpp">
      <Filter>Source Files</Filter>
    </ClCompile>
    <ClCompile Include="HistDataPersistence.cpp">
      <Filter>Source Files</Filter>
    </ClCompile>
    <ClCompile Include="HistPriceBarGen.cpp">
      <Filter>Source Files</Filter>
    </ClCompile>
    <ClCompile Include="HistTradingTimeSpan.cpp">
      <Filter>Source Files</Filter>
    </ClCompile>
  </ItemGroup>
  <ItemGroup>
    <None Include="config.ini" />
    <None Include="hist-log4cpp.property" />
  </ItemGroup>
</Project>